// !$*UTF8*$!
{
	archiveVersion = 1;
	classes = {
	};
	objectVersion = 56;
	objects = {

/* Begin PBXBuildFile section */
		20ACFCFA434F4FC39FC7296B /* libPods-cameraStream.a in Frameworks */ = {isa = PBXBuildFile; fileRef = B5B028A8ECF6686A2AE18499 /* libPods-cameraStream.a */; };
		3854400529A18A43004E0172 /* CameraView.swift in Sources */ = {isa = PBXBuildFile; fileRef = 3854400429A18A43004E0172 /* CameraView.swift */; };
		3854401429A19C15004E0172 /* CameraWebsocket.swift in Sources */ = {isa = PBXBuildFile; fileRef = 3854401329A19C15004E0172 /* CameraWebsocket.swift */; };
		3854401629A1A300004E0172 /* LiveCameraView.swift in Sources */ = {isa = PBXBuildFile; fileRef = 3854401529A1A300004E0172 /* LiveCameraView.swift */; };
		38CDCE1B29A187AA00D0403C /* cameraStreamApp.swift in Sources */ = {isa = PBXBuildFile; fileRef = 38CDCE1A29A187AA00D0403C /* cameraStreamApp.swift */; };
		38CDCE1D29A187AA00D0403C /* ContentView.swift in Sources */ = {isa = PBXBuildFile; fileRef = 38CDCE1C29A187AA00D0403C /* ContentView.swift */; };
		38CDCE1F29A187AC00D0403C /* Assets.xcassets in Resources */ = {isa = PBXBuildFile; fileRef = 38CDCE1E29A187AC00D0403C /* Assets.xcassets */; };
		38CDCE2229A187AC00D0403C /* Preview Assets.xcassets in Resources */ = {isa = PBXBuildFile; fileRef = 38CDCE2129A187AC00D0403C /* Preview Assets.xcassets */; };
		38CDCE2929A1880A00D0403C /* Podfile in Resources */ = {isa = PBXBuildFile; fileRef = 38CDCE2829A1880A00D0403C /* Podfile */; };
/* End PBXBuildFile section */

/* Begin PBXFileReference section */
		38021FE32BF14828788E1E2D /* Pods-cameraStream.release.xcconfig */ = {isa = PBXFileReference; includeInIndex = 1; lastKnownFileType = text.xcconfig; name = "Pods-cameraStream.release.xcconfig"; path = "Target Support Files/Pods-cameraStream/Pods-cameraStream.release.xcconfig"; sourceTree = "<group>"; };
		3854400429A18A43004E0172 /* CameraView.swift */ = {isa = PBXFileReference; lastKnownFileType = sourcecode.swift; path = CameraView.swift; sourceTree = "<group>"; };
		3854401329A19C15004E0172 /* CameraWebsocket.swift */ = {isa = PBXFileReference; lastKnownFileType = sourcecode.swift; path = CameraWebsocket.swift; sourceTree = "<group>"; };
		3854401529A1A300004E0172 /* LiveCameraView.swift */ = {isa = PBXFileReference; lastKnownFileType = sourcecode.swift; path = LiveCameraView.swift; sourceTree = "<group>"; };
		38CDCE1729A187AA00D0403C /* cameraStream.app */ = {isa = PBXFileReference; explicitFileType = wrapper.application; includeInIndex = 0; path = cameraStream.app; sourceTree = BUILT_PRODUCTS_DIR; };
		38CDCE1A29A187AA00D0403C /* cameraStreamApp.swift */ = {isa = PBXFileReference; lastKnownFileType = sourcecode.swift; path = cameraStreamApp.swift; sourceTree = "<group>"; };
		38CDCE1C29A187AA00D0403C /* ContentView.swift */ = {isa = PBXFileReference; lastKnownFileType = sourcecode.swift; path = ContentView.swift; sourceTree = "<group>"; };
		38CDCE1E29A187AC00D0403C /* Assets.xcassets */ = {isa = PBXFileReference; lastKnownFileType = folder.assetcatalog; path = Assets.xcassets; sourceTree = "<group>"; };
		38CDCE2129A187AC00D0403C /* Preview Assets.xcassets */ = {isa = PBXFileReference; lastKnownFileType = folder.assetcatalog; path = "Preview Assets.xcassets"; sourceTree = "<group>"; };
		38CDCE2829A1880A00D0403C /* Podfile */ = {isa = PBXFileReference; fileEncoding = 4; lastKnownFileType = text; path = Podfile; sourceTree = "<group>"; };
		B5B028A8ECF6686A2AE18499 /* libPods-cameraStream.a */ = {isa = PBXFileReference; explicitFileType = archive.ar; includeInIndex = 0; path = "libPods-cameraStream.a"; sourceTree = BUILT_PRODUCTS_DIR; };
		EC8D2BC61C1A0FBEC947D70D /* Pods-cameraStream.debug.xcconfig */ = {isa = PBXFileReference; includeInIndex = 1; lastKnownFileType = text.xcconfig; name = "Pods-cameraStream.debug.xcconfig"; path = "Target Support Files/Pods-cameraStream/Pods-cameraStream.debug.xcconfig"; sourceTree = "<group>"; };
/* End PBXFileReference section */

/* Begin PBXFrameworksBuildPhase section */
		38CDCE1429A187AA00D0403C /* Frameworks */ = {
			isa = PBXFrameworksBuildPhase;
			buildActionMask = 2147483647;
			files = (
				20ACFCFA434F4FC39FC7296B /* libPods-cameraStream.a in Frameworks */,
			);
			runOnlyForDeploymentPostprocessing = 0;
		};
/* End PBXFrameworksBuildPhase section */

/* Begin PBXGroup section */
		37D2E4B4084A8F5918DC39F5 /* Pods */ = {
			isa = PBXGroup;
			children = (
				EC8D2BC61C1A0FBEC947D70D /* Pods-cameraStream.debug.xcconfig */,
				38021FE32BF14828788E1E2D /* Pods-cameraStream.release.xcconfig */,
			);
			path = Pods;
			sourceTree = "<group>";
		};
		3854400929A18AB7004E0172 /* Views */ = {
			isa = PBXGroup;
			children = (
				38CDCE1C29A187AA00D0403C /* ContentView.swift */,
				3854400429A18A43004E0172 /* CameraView.swift */,
				3854401529A1A300004E0172 /* LiveCameraView.swift */,
			);
			path = Views;
			sourceTree = "<group>";
		};
		3854400D29A19B52004E0172 /* Model */ = {
			isa = PBXGroup;
			children = (
				3854401329A19C15004E0172 /* CameraWebsocket.swift */,
			);
			path = Model;
			sourceTree = "<group>";
		};
		38CDCE0E29A187AA00D0403C = {
			isa = PBXGroup;
			children = (
				38CDCE2829A1880A00D0403C /* Podfile */,
				38CDCE1929A187AA00D0403C /* cameraStream */,
				38CDCE1829A187AA00D0403C /* Products */,
				37D2E4B4084A8F5918DC39F5 /* Pods */,
				D28084B7E49AACA5F45CA192 /* Frameworks */,
			);
			sourceTree = "<group>";
		};
		38CDCE1829A187AA00D0403C /* Products */ = {
			isa = PBXGroup;
			children = (
				38CDCE1729A187AA00D0403C /* cameraStream.app */,
			);
			name = Products;
			sourceTree = "<group>";
		};
		38CDCE1929A187AA00D0403C /* cameraStream */ = {
			isa = PBXGroup;
			children = (
				38CDCE1A29A187AA00D0403C /* cameraStreamApp.swift */,
				3854400929A18AB7004E0172 /* Views */,
				3854400D29A19B52004E0172 /* Model */,
				38CDCE1E29A187AC00D0403C /* Assets.xcassets */,
				38CDCE2029A187AC00D0403C /* Preview Content */,
			);
			path = cameraStream;
			sourceTree = "<group>";
		};
		38CDCE2029A187AC00D0403C /* Preview Content */ = {
			isa = PBXGroup;
			children = (
				38CDCE2129A187AC00D0403C /* Preview Assets.xcassets */,
			);
			path = "Preview Content";
			sourceTree = "<group>";
		};
		D28084B7E49AACA5F45CA192 /* Frameworks */ = {
			isa = PBXGroup;
			children = (
				B5B028A8ECF6686A2AE18499 /* libPods-cameraStream.a */,
			);
			name = Frameworks;
			sourceTree = "<group>";
		};
/* End PBXGroup section */

/* Begin PBXNativeTarget section */
		38CDCE1629A187AA00D0403C /* cameraStream */ = {
			isa = PBXNativeTarget;
			buildConfigurationList = 38CDCE2529A187AC00D0403C /* Build configuration list for PBXNativeTarget "cameraStream" */;
			buildPhases = (
				A3DC1577D639F85C7A07DC14 /* [CP] Check Pods Manifest.lock */,
				38CDCE1329A187AA00D0403C /* Sources */,
				38CDCE1429A187AA00D0403C /* Frameworks */,
				38CDCE1529A187AA00D0403C /* Resources */,
			);
			buildRules = (
			);
			dependencies = (
			);
			name = cameraStream;
			productName = cameraStream;
			productReference = 38CDCE1729A187AA00D0403C /* cameraStream.app */;
			productType = "com.apple.product-type.application";
		};
/* End PBXNativeTarget section */

/* Begin PBXProject section */
		38CDCE0F29A187AA00D0403C /* Project object */ = {
			isa = PBXProject;
			attributes = {
				BuildIndependentTargetsInParallel = 1;
				LastSwiftUpdateCheck = 1420;
				LastUpgradeCheck = 1420;
				TargetAttributes = {
					38CDCE1629A187AA00D0403C = {
						CreatedOnToolsVersion = 14.2;
					};
				};
			};
			buildConfigurationList = 38CDCE1229A187AA00D0403C /* Build configuration list for PBXProject "cameraStream" */;
			compatibilityVersion = "Xcode 14.0";
			developmentRegion = en;
			hasScannedForEncodings = 0;
			knownRegions = (
				en,
				Base,
			);
			mainGroup = 38CDCE0E29A187AA00D0403C;
			productRefGroup = 38CDCE1829A187AA00D0403C /* Products */;
			projectDirPath = "";
			projectRoot = "";
			targets = (
				38CDCE1629A187AA00D0403C /* cameraStream */,
			);
		};
/* End PBXProject section */

/* Begin PBXResourcesBuildPhase section */
		38CDCE1529A187AA00D0403C /* Resources */ = {
			isa = PBXResourcesBuildPhase;
			buildActionMask = 2147483647;
			files = (
				38CDCE2929A1880A00D0403C /* Podfile in Resources */,
				38CDCE2229A187AC00D0403C /* Preview Assets.xcassets in Resources */,
				38CDCE1F29A187AC00D0403C /* Assets.xcassets in Resources */,
			);
			runOnlyForDeploymentPostprocessing = 0;
		};
/* End PBXResourcesBuildPhase section */

/* Begin PBXShellScriptBuildPhase section */
		A3DC1577D639F85C7A07DC14 /* [CP] Check Pods Manifest.lock */ = {
			isa = PBXShellScriptBuildPhase;
			buildActionMask = 2147483647;
			files = (
			);
			inputFileListPaths = (
			);
			inputPaths = (
				"${PODS_PODFILE_DIR_PATH}/Podfile.lock",
				"${PODS_ROOT}/Manifest.lock",
			);
			name = "[CP] Check Pods Manifest.lock";
			outputFileListPaths = (
			);
			outputPaths = (
				"$(DERIVED_FILE_DIR)/Pods-cameraStream-checkManifestLockResult.txt",
			);
			runOnlyForDeploymentPostprocessing = 0;
			shellPath = /bin/sh;
			shellScript = "diff \"${PODS_PODFILE_DIR_PATH}/Podfile.lock\" \"${PODS_ROOT}/Manifest.lock\" > /dev/null\nif [ $? != 0 ] ; then\n    # print error to STDERR\n    echo \"error: The sandbox is not in sync with the Podfile.lock. Run 'pod install' or update your CocoaPods installation.\" >&2\n    exit 1\nfi\n# This output is used by Xcode 'outputs' to avoid re-running this script phase.\necho \"SUCCESS\" > \"${SCRIPT_OUTPUT_FILE_0}\"\n";
			showEnvVarsInLog = 0;
		};
/* End PBXShellScriptBuildPhase section */

/* Begin PBXSourcesBuildPhase section */
		38CDCE1329A187AA00D0403C /* Sources */ = {
			isa = PBXSourcesBuildPhase;
			buildActionMask = 2147483647;
			files = (
				3854401629A1A300004E0172 /* LiveCameraView.swift in Sources */,
				3854401429A19C15004E0172 /* CameraWebsocket.swift in Sources */,
				3854400529A18A43004E0172 /* CameraView.swift in Sources */,
				38CDCE1D29A187AA00D0403C /* ContentView.swift in Sources */,
				38CDCE1B29A187AA00D0403C /* cameraStreamApp.swift in Sources */,
			);
			runOnlyForDeploymentPostprocessing = 0;
		};
/* End PBXSourcesBuildPhase section */

/* Begin XCBuildConfiguration section */
		38CDCE2329A187AC00D0403C /* Debug */ = {
			isa = XCBuildConfiguration;
			buildSettings = {
				ALWAYS_SEARCH_USER_PATHS = NO;
				CLANG_ANALYZER_NONNULL = YES;
				CLANG_ANALYZER_NUMBER_OBJECT_CONVERSION = YES_AGGRESSIVE;
				CLANG_CXX_LANGUAGE_STANDARD = "gnu++20";
				CLANG_ENABLE_MODULES = YES;
				CLANG_ENABLE_OBJC_ARC = YES;
				CLANG_ENABLE_OBJC_WEAK = YES;
				CLANG_WARN_BLOCK_CAPTURE_AUTORELEASING = YES;
				CLANG_WARN_BOOL_CONVERSION = YES;
				CLANG_WARN_COMMA = YES;
				CLANG_WARN_CONSTANT_CONVERSION = YES;
				CLANG_WARN_DEPRECATED_OBJC_IMPLEMENTATIONS = YES;
				CLANG_WARN_DIRECT_OBJC_ISA_USAGE = YES_ERROR;
				CLANG_WARN_DOCUMENTATION_COMMENTS = YES;
				CLANG_WARN_EMPTY_BODY = YES;
				CLANG_WARN_ENUM_CONVERSION = YES;
				CLANG_WARN_INFINITE_RECURSION = YES;
				CLANG_WARN_INT_CONVERSION = YES;
				CLANG_WARN_NON_LITERAL_NULL_CONVERSION = YES;
				CLANG_WARN_OBJC_IMPLICIT_RETAIN_SELF = YES;
				CLANG_WARN_OBJC_LITERAL_CONVERSION = YES;
				CLANG_WARN_OBJC_ROOT_CLASS = YES_ERROR;
				CLANG_WARN_QUOTED_INCLUDE_IN_FRAMEWORK_HEADER = YES;
				CLANG_WARN_RANGE_LOOP_ANALYSIS = YES;
				CLANG_WARN_STRICT_PROTOTYPES = YES;
				CLANG_WARN_SUSPICIOUS_MOVE = YES;
				CLANG_WARN_UNGUARDED_AVAILABILITY = YES_AGGRESSIVE;
				CLANG_WARN_UNREACHABLE_CODE = YES;
				CLANG_WARN__DUPLICATE_METHOD_MATCH = YES;
				COPY_PHASE_STRIP = NO;
				DEBUG_INFORMATION_FORMAT = dwarf;
				ENABLE_STRICT_OBJC_MSGSEND = YES;
				ENABLE_TESTABILITY = YES;
				GCC_C_LANGUAGE_STANDARD = gnu11;
				GCC_DYNAMIC_NO_PIC = NO;
				GCC_NO_COMMON_BLOCKS = YES;
				GCC_OPTIMIZATION_LEVEL = 0;
				GCC_PREPROCESSOR_DEFINITIONS = (
					"DEBUG=1",
					"$(inherited)",
				);
				GCC_WARN_64_TO_32_BIT_CONVERSION = YES;
				GCC_WARN_ABOUT_RETURN_TYPE = YES_ERROR;
				GCC_WARN_UNDECLARED_SELECTOR = YES;
				GCC_WARN_UNINITIALIZED_AUTOS = YES_AGGRESSIVE;
				GCC_WARN_UNUSED_FUNCTION = YES;
				GCC_WARN_UNUSED_VARIABLE = YES;
				IPHONEOS_DEPLOYMENT_TARGET = 16.2;
				MTL_ENABLE_DEBUG_INFO = INCLUDE_SOURCE;
				MTL_FAST_MATH = YES;
				ONLY_ACTIVE_ARCH = YES;
				SDKROOT = iphoneos;
				SWIFT_ACTIVE_COMPILATION_CONDITIONS = DEBUG;
				SWIFT_OPTIMIZATION_LEVEL = "-Onone";
			};
			name = Debug;
		};
		38CDCE2429A187AC00D0403C /* Release */ = {
			isa = XCBuildConfiguration;
			buildSettings = {
				ALWAYS_SEARCH_USER_PATHS = NO;
				CLANG_ANALYZER_NONNULL = YES;
				CLANG_ANALYZER_NUMBER_OBJECT_CONVERSION = YES_AGGRESSIVE;
				CLANG_CXX_LANGUAGE_STANDARD = "gnu++20";
				CLANG_ENABLE_MODULES = YES;
				CLANG_ENABLE_OBJC_ARC = YES;
				CLANG_ENABLE_OBJC_WEAK = YES;
				CLANG_WARN_BLOCK_CAPTURE_AUTORELEASING = YES;
				CLANG_WARN_BOOL_CONVERSION = YES;
				CLANG_WARN_COMMA = YES;
				CLANG_WARN_CONSTANT_CONVERSION = YES;
				CLANG_WARN_DEPRECATED_OBJC_IMPLEMENTATIONS = YES;
				CLANG_WARN_DIRECT_OBJC_ISA_USAGE = YES_ERROR;
				CLANG_WARN_DOCUMENTATION_COMMENTS = YES;
				CLANG_WARN_EMPTY_BODY = YES;
				CLANG_WARN_ENUM_CONVERSION = YES;
				CLANG_WARN_INFINITE_RECURSION = YES;
				CLANG_WARN_INT_CONVERSION = YES;
				CLANG_WARN_NON_LITERAL_NULL_CONVERSION = YES;
				CLANG_WARN_OBJC_IMPLICIT_RETAIN_SELF = YES;
				CLANG_WARN_OBJC_LITERAL_CONVERSION = YES;
				CLANG_WARN_OBJC_ROOT_CLASS = YES_ERROR;
				CLANG_WARN_QUOTED_INCLUDE_IN_FRAMEWORK_HEADER = YES;
				CLANG_WARN_RANGE_LOOP_ANALYSIS = YES;
				CLANG_WARN_STRICT_PROTOTYPES = YES;
				CLANG_WARN_SUSPICIOUS_MOVE = YES;
				CLANG_WARN_UNGUARDED_AVAILABILITY = YES_AGGRESSIVE;
				CLANG_WARN_UNREACHABLE_CODE = YES;
				CLANG_WARN__DUPLICATE_METHOD_MATCH = YES;
				COPY_PHASE_STRIP = NO;
				DEBUG_INFORMATION_FORMAT = "dwarf-with-dsym";
				ENABLE_NS_ASSERTIONS = NO;
				ENABLE_STRICT_OBJC_MSGSEND = YES;
				GCC_C_LANGUAGE_STANDARD = gnu11;
				GCC_NO_COMMON_BLOCKS = YES;
				GCC_WARN_64_TO_32_BIT_CONVERSION = YES;
				GCC_WARN_ABOUT_RETURN_TYPE = YES_ERROR;
				GCC_WARN_UNDECLARED_SELECTOR = YES;
				GCC_WARN_UNINITIALIZED_AUTOS = YES_AGGRESSIVE;
				GCC_WARN_UNUSED_FUNCTION = YES;
				GCC_WARN_UNUSED_VARIABLE = YES;
				IPHONEOS_DEPLOYMENT_TARGET = 16.2;
				MTL_ENABLE_DEBUG_INFO = NO;
				MTL_FAST_MATH = YES;
				SDKROOT = iphoneos;
				SWIFT_COMPILATION_MODE = wholemodule;
				SWIFT_OPTIMIZATION_LEVEL = "-O";
				VALIDATE_PRODUCT = YES;
			};
			name = Release;
		};
		38CDCE2629A187AC00D0403C /* Debug */ = {
			isa = XCBuildConfiguration;
			baseConfigurationReference = EC8D2BC61C1A0FBEC947D70D /* Pods-cameraStream.debug.xcconfig */;
			buildSettings = {
				ASSETCATALOG_COMPILER_APPICON_NAME = AppIcon;
				ASSETCATALOG_COMPILER_GLOBAL_ACCENT_COLOR_NAME = AccentColor;
				CODE_SIGN_STYLE = Automatic;
				CURRENT_PROJECT_VERSION = 1;
				DEVELOPMENT_ASSET_PATHS = "\"cameraStream/Preview Content\"";
				DEVELOPMENT_TEAM = TM8YKMSWB6;
				ENABLE_PREVIEWS = YES;
				GENERATE_INFOPLIST_FILE = YES;
				INFOPLIST_KEY_UIApplicationSceneManifest_Generation = YES;
				INFOPLIST_KEY_UIApplicationSupportsIndirectInputEvents = YES;
				INFOPLIST_KEY_UILaunchScreen_Generation = YES;
				INFOPLIST_KEY_UISupportedInterfaceOrientations_iPad = "UIInterfaceOrientationPortrait UIInterfaceOrientationPortraitUpsideDown UIInterfaceOrientationLandscapeLeft UIInterfaceOrientationLandscapeRight";
				INFOPLIST_KEY_UISupportedInterfaceOrientations_iPhone = "UIInterfaceOrientationPortrait UIInterfaceOrientationLandscapeLeft UIInterfaceOrientationLandscapeRight";
				LD_RUNPATH_SEARCH_PATHS = (
					"$(inherited)",
					"@executable_path/Frameworks",
				);
				MARKETING_VERSION = 1.0;
				PRODUCT_BUNDLE_IDENTIFIER = com.vazulu.cameraStream;
				PRODUCT_NAME = "$(TARGET_NAME)";
				SWIFT_EMIT_LOC_STRINGS = YES;
				SWIFT_VERSION = 5.0;
				TARGETED_DEVICE_FAMILY = "1,2";
			};
			name = Debug;
		};
		38CDCE2729A187AC00D0403C /* Release */ = {
			isa = XCBuildConfiguration;
			baseConfigurationReference = 38021FE32BF14828788E1E2D /* Pods-cameraStream.release.xcconfig */;
			buildSettings = {
				ASSETCATALOG_COMPILER_APPICON_NAME = AppIcon;
				ASSETCATALOG_COMPILER_GLOBAL_ACCENT_COLOR_NAME = AccentColor;
				CODE_SIGN_STYLE = Automatic;
				CURRENT_PROJECT_VERSION = 1;
				DEVELOPMENT_ASSET_PATHS = "\"cameraStream/Preview Content\"";
				DEVELOPMENT_TEAM = TM8YKMSWB6;
				ENABLE_PREVIEWS = YES;
				GENERATE_INFOPLIST_FILE = YES;
				INFOPLIST_KEY_UIApplicationSceneManifest_Generation = YES;
				INFOPLIST_KEY_UIApplicationSupportsIndirectInputEvents = YES;
				INFOPLIST_KEY_UILaunchScreen_Generation = YES;
				INFOPLIST_KEY_UISupportedInterfaceOrientations_iPad = "UIInterfaceOrientationPortrait UIInterfaceOrientationPortraitUpsideDown UIInterfaceOrientationLandscapeLeft UIInterfaceOrientationLandscapeRight";
				INFOPLIST_KEY_UISupportedInterfaceOrientations_iPhone = "UIInterfaceOrientationPortrait UIInterfaceOrientationLandscapeLeft UIInterfaceOrientationLandscapeRight";
				LD_RUNPATH_SEARCH_PATHS = (
					"$(inherited)",
					"@executable_path/Frameworks",
				);
				MARKETING_VERSION = 1.0;
				PRODUCT_BUNDLE_IDENTIFIER = com.vazulu.cameraStream;
				PRODUCT_NAME = "$(TARGET_NAME)";
				SWIFT_EMIT_LOC_STRINGS = YES;
				SWIFT_VERSION = 5.0;
				TARGETED_DEVICE_FAMILY = "1,2";
			};
			name = Release;
		};
/* End XCBuildConfiguration section */

/* Begin XCConfigurationList section */
		38CDCE1229A187AA00D0403C /* Build configuration list for PBXProject "cameraStream" */ = {
			isa = XCConfigurationList;
			buildConfigurations = (
				38CDCE2329A187AC00D0403C /* Debug */,
				38CDCE2429A187AC00D0403C /* Release */,
			);
			defaultConfigurationIsVisible = 0;
			defaultConfigurationName = Release;
		};
		38CDCE2529A187AC00D0403C /* Build configuration list for PBXNativeTarget "cameraStream" */ = {
			isa = XCConfigurationList;
			buildConfigurations = (
				38CDCE2629A187AC00D0403C /* Debug */,
				38CDCE2729A187AC00D0403C /* Release */,
			);
			defaultConfigurationIsVisible = 0;
			defaultConfigurationName = Release;
		};
/* End XCConfigurationList section */
	};
	rootObject = 38CDCE0F29A187AA00D0403C /* Project object */;
}
