// !$*UTF8*$!
{
	archiveVersion = 1;
	classes = {
	};
	objectVersion = 56;
	objects = {

/* Begin PBXBuildFile section */
		381A1A8529B17F3D009BF648 /* GoogleService-Info.plist in Resources */ = {isa = PBXBuildFile; fileRef = 381A1A8429B17F3D009BF648 /* GoogleService-Info.plist */; };
		3821A71D298C328600981D6B /* FirebaseDatabase in Frameworks */ = {isa = PBXBuildFile; productRef = 3821A71C298C328600981D6B /* FirebaseDatabase */; };
		3825271429A45131008F6DF7 /* CameraWebsocket.swift in Sources */ = {isa = PBXBuildFile; fileRef = 3825271329A45131008F6DF7 /* CameraWebsocket.swift */; };
		3825271629A45161008F6DF7 /* LiveCameraView.swift in Sources */ = {isa = PBXBuildFile; fileRef = 3825271529A45161008F6DF7 /* LiveCameraView.swift */; };
		38544FB429B46D2A000B8154 /* ResultsView.swift in Sources */ = {isa = PBXBuildFile; fileRef = 38544FB329B46D2A000B8154 /* ResultsView.swift */; };
		387026AD29C8F57900EF2A13 /* Styles.swift in Sources */ = {isa = PBXBuildFile; fileRef = 387026AC29C8F57900EF2A13 /* Styles.swift */; };
		3891317F29B44953004F9232 /* ExerciseRangeOfMotionPlotView.swift in Sources */ = {isa = PBXBuildFile; fileRef = 3891317E29B44953004F9232 /* ExerciseRangeOfMotionPlotView.swift */; };
		38AEA84429AFF867003ACDB0 /* LoginView.swift in Sources */ = {isa = PBXBuildFile; fileRef = 38AEA84329AFF867003ACDB0 /* LoginView.swift */; };
		38AEA84629AFF87B003ACDB0 /* RegisterView.swift in Sources */ = {isa = PBXBuildFile; fileRef = 38AEA84529AFF87B003ACDB0 /* RegisterView.swift */; };
		38AEA84829B0F4E8003ACDB0 /* LoadData.swift in Sources */ = {isa = PBXBuildFile; fileRef = 38AEA84729B0F4E8003ACDB0 /* LoadData.swift */; };
		38AEA84C29B0F5A1003ACDB0 /* Exercise.swift in Sources */ = {isa = PBXBuildFile; fileRef = 38AEA84B29B0F5A1003ACDB0 /* Exercise.swift */; };
		38AEA84E29B0F61D003ACDB0 /* Constants.swift in Sources */ = {isa = PBXBuildFile; fileRef = 38AEA84D29B0F61D003ACDB0 /* Constants.swift */; };
		38DF16EA298C10780020113C /* FirebaseAnalytics in Frameworks */ = {isa = PBXBuildFile; productRef = 38DF16E9298C10780020113C /* FirebaseAnalytics */; };
		38DF16EC298C10780020113C /* FirebaseAuth in Frameworks */ = {isa = PBXBuildFile; productRef = 38DF16EB298C10780020113C /* FirebaseAuth */; };
		38DF16EE298C10780020113C /* FirebaseFirestore in Frameworks */ = {isa = PBXBuildFile; productRef = 38DF16ED298C10780020113C /* FirebaseFirestore */; };
		38DF16F0298C10780020113C /* FirebaseStorage in Frameworks */ = {isa = PBXBuildFile; productRef = 38DF16EF298C10780020113C /* FirebaseStorage */; };
		38EB34E2299EFC5C00C0E4CF /* Podfile in Resources */ = {isa = PBXBuildFile; fileRef = 38EB34E1299EFC5C00C0E4CF /* Podfile */; };
		38EFB7A32985CFCD0018F668 /* exercises.json in Resources */ = {isa = PBXBuildFile; fileRef = 38EFB7A22985CFCD0018F668 /* exercises.json */; };
		38EFB7B12985D7BF0018F668 /* ExerciseRow.swift in Sources */ = {isa = PBXBuildFile; fileRef = 38EFB7B02985D7BF0018F668 /* ExerciseRow.swift */; };
		38EFB7B32985D9B40018F668 /* ExerciseList.swift in Sources */ = {isa = PBXBuildFile; fileRef = 38EFB7B22985D9B40018F668 /* ExerciseList.swift */; };
		38EFB7B52985DBA50018F668 /* ExerciseDetail.swift in Sources */ = {isa = PBXBuildFile; fileRef = 38EFB7B42985DBA50018F668 /* ExerciseDetail.swift */; };
		38EFB7B7298607790018F668 /* FavoriteButton.swift in Sources */ = {isa = PBXBuildFile; fileRef = 38EFB7B6298607790018F668 /* FavoriteButton.swift */; };
		38EFB7C6298630D10018F668 /* exerciseResults.json in Resources */ = {isa = PBXBuildFile; fileRef = 38EFB7C5298630D10018F668 /* exerciseResults.json */; };
		38EFB7C8298633CD0018F668 /* ExerciseResult.swift in Sources */ = {isa = PBXBuildFile; fileRef = 38EFB7C7298633CD0018F668 /* ExerciseResult.swift */; };
		38EFB7D3298715520018F668 /* ExercisePlotView.swift in Sources */ = {isa = PBXBuildFile; fileRef = 38EFB7D2298715520018F668 /* ExercisePlotView.swift */; };
		38EFB7D7298730F60018F668 /* ExerciseGraph.swift in Sources */ = {isa = PBXBuildFile; fileRef = 38EFB7D6298730F60018F668 /* ExerciseGraph.swift */; };
		38F653D52985A115004CD110 /* VisoApp.swift in Sources */ = {isa = PBXBuildFile; fileRef = 38F653D42985A115004CD110 /* VisoApp.swift */; };
		38F653D72985A115004CD110 /* ContentView.swift in Sources */ = {isa = PBXBuildFile; fileRef = 38F653D62985A115004CD110 /* ContentView.swift */; };
		38F653D92985A116004CD110 /* Assets.xcassets in Resources */ = {isa = PBXBuildFile; fileRef = 38F653D82985A116004CD110 /* Assets.xcassets */; };
		38F653DC2985A116004CD110 /* Preview Assets.xcassets in Resources */ = {isa = PBXBuildFile; fileRef = 38F653DB2985A116004CD110 /* Preview Assets.xcassets */; };
		38F653E32985A72E004CD110 /* CircleImage.swift in Sources */ = {isa = PBXBuildFile; fileRef = 38F653E22985A72E004CD110 /* CircleImage.swift */; };
		B6F6802BFBE1896ED2669D24 /* libPods-Viso.a in Frameworks */ = {isa = PBXBuildFile; fileRef = 7063C702FE79083721FB7A12 /* libPods-Viso.a */; };
/* End PBXBuildFile section */

/* Begin PBXFileReference section */
		381A1A8429B17F3D009BF648 /* GoogleService-Info.plist */ = {isa = PBXFileReference; fileEncoding = 4; lastKnownFileType = text.plist.xml; path = "GoogleService-Info.plist"; sourceTree = "<group>"; };
		3825271329A45131008F6DF7 /* CameraWebsocket.swift */ = {isa = PBXFileReference; lastKnownFileType = sourcecode.swift; path = CameraWebsocket.swift; sourceTree = "<group>"; };
		3825271529A45161008F6DF7 /* LiveCameraView.swift */ = {isa = PBXFileReference; lastKnownFileType = sourcecode.swift; path = LiveCameraView.swift; sourceTree = "<group>"; };
		38544FB329B46D2A000B8154 /* ResultsView.swift */ = {isa = PBXFileReference; lastKnownFileType = sourcecode.swift; path = ResultsView.swift; sourceTree = "<group>"; };
		387026AC29C8F57900EF2A13 /* Styles.swift */ = {isa = PBXFileReference; lastKnownFileType = sourcecode.swift; path = Styles.swift; sourceTree = "<group>"; };
		3891317E29B44953004F9232 /* ExerciseRangeOfMotionPlotView.swift */ = {isa = PBXFileReference; lastKnownFileType = sourcecode.swift; path = ExerciseRangeOfMotionPlotView.swift; sourceTree = "<group>"; };
		38AEA84329AFF867003ACDB0 /* LoginView.swift */ = {isa = PBXFileReference; lastKnownFileType = sourcecode.swift; path = LoginView.swift; sourceTree = "<group>"; };
		38AEA84529AFF87B003ACDB0 /* RegisterView.swift */ = {isa = PBXFileReference; lastKnownFileType = sourcecode.swift; path = RegisterView.swift; sourceTree = "<group>"; };
		38AEA84729B0F4E8003ACDB0 /* LoadData.swift */ = {isa = PBXFileReference; lastKnownFileType = sourcecode.swift; path = LoadData.swift; sourceTree = "<group>"; };
		38AEA84B29B0F5A1003ACDB0 /* Exercise.swift */ = {isa = PBXFileReference; lastKnownFileType = sourcecode.swift; path = Exercise.swift; sourceTree = "<group>"; };
		38AEA84D29B0F61D003ACDB0 /* Constants.swift */ = {isa = PBXFileReference; fileEncoding = 4; lastKnownFileType = sourcecode.swift; path = Constants.swift; sourceTree = "<group>"; };
		38EB34E1299EFC5C00C0E4CF /* Podfile */ = {isa = PBXFileReference; fileEncoding = 4; lastKnownFileType = text; path = Podfile; sourceTree = "<group>"; xcLanguageSpecificationIdentifier = xcode.lang.ruby; };
		38EFB7A22985CFCD0018F668 /* exercises.json */ = {isa = PBXFileReference; fileEncoding = 4; lastKnownFileType = text.json; path = exercises.json; sourceTree = "<group>"; };
		38EFB7B02985D7BF0018F668 /* ExerciseRow.swift */ = {isa = PBXFileReference; lastKnownFileType = sourcecode.swift; path = ExerciseRow.swift; sourceTree = "<group>"; };
		38EFB7B22985D9B40018F668 /* ExerciseList.swift */ = {isa = PBXFileReference; lastKnownFileType = sourcecode.swift; path = ExerciseList.swift; sourceTree = "<group>"; };
		38EFB7B42985DBA50018F668 /* ExerciseDetail.swift */ = {isa = PBXFileReference; lastKnownFileType = sourcecode.swift; path = ExerciseDetail.swift; sourceTree = "<group>"; };
		38EFB7B6298607790018F668 /* FavoriteButton.swift */ = {isa = PBXFileReference; lastKnownFileType = sourcecode.swift; path = FavoriteButton.swift; sourceTree = "<group>"; };
		38EFB7C5298630D10018F668 /* exerciseResults.json */ = {isa = PBXFileReference; fileEncoding = 4; lastKnownFileType = text.json; path = exerciseResults.json; sourceTree = "<group>"; };
		38EFB7C7298633CD0018F668 /* ExerciseResult.swift */ = {isa = PBXFileReference; lastKnownFileType = sourcecode.swift; path = ExerciseResult.swift; sourceTree = "<group>"; };
		38EFB7D2298715520018F668 /* ExercisePlotView.swift */ = {isa = PBXFileReference; lastKnownFileType = sourcecode.swift; path = ExercisePlotView.swift; sourceTree = "<group>"; };
		38EFB7D6298730F60018F668 /* ExerciseGraph.swift */ = {isa = PBXFileReference; lastKnownFileType = sourcecode.swift; path = ExerciseGraph.swift; sourceTree = "<group>"; };
		38F653D12985A115004CD110 /* Viso.app */ = {isa = PBXFileReference; explicitFileType = wrapper.application; includeInIndex = 0; path = Viso.app; sourceTree = BUILT_PRODUCTS_DIR; };
		38F653D42985A115004CD110 /* VisoApp.swift */ = {isa = PBXFileReference; lastKnownFileType = sourcecode.swift; path = VisoApp.swift; sourceTree = "<group>"; };
		38F653D62985A115004CD110 /* ContentView.swift */ = {isa = PBXFileReference; lastKnownFileType = sourcecode.swift; path = ContentView.swift; sourceTree = "<group>"; };
		38F653D82985A116004CD110 /* Assets.xcassets */ = {isa = PBXFileReference; lastKnownFileType = folder.assetcatalog; path = Assets.xcassets; sourceTree = "<group>"; };
		38F653DB2985A116004CD110 /* Preview Assets.xcassets */ = {isa = PBXFileReference; lastKnownFileType = folder.assetcatalog; path = "Preview Assets.xcassets"; sourceTree = "<group>"; };
		38F653E22985A72E004CD110 /* CircleImage.swift */ = {isa = PBXFileReference; lastKnownFileType = sourcecode.swift; path = CircleImage.swift; sourceTree = "<group>"; };
		7063C702FE79083721FB7A12 /* libPods-Viso.a */ = {isa = PBXFileReference; explicitFileType = archive.ar; includeInIndex = 0; path = "libPods-Viso.a"; sourceTree = BUILT_PRODUCTS_DIR; };
		95D744D0643D6EA145BC244D /* Pods-Viso.release.xcconfig */ = {isa = PBXFileReference; includeInIndex = 1; lastKnownFileType = text.xcconfig; name = "Pods-Viso.release.xcconfig"; path = "Target Support Files/Pods-Viso/Pods-Viso.release.xcconfig"; sourceTree = "<group>"; };
		B5A4E3FDA569B5913D9B46ED /* Pods-Viso.debug.xcconfig */ = {isa = PBXFileReference; includeInIndex = 1; lastKnownFileType = text.xcconfig; name = "Pods-Viso.debug.xcconfig"; path = "Target Support Files/Pods-Viso/Pods-Viso.debug.xcconfig"; sourceTree = "<group>"; };
/* End PBXFileReference section */

/* Begin PBXFrameworksBuildPhase section */
		38F653CE2985A115004CD110 /* Frameworks */ = {
			isa = PBXFrameworksBuildPhase;
			buildActionMask = 2147483647;
			files = (
				3821A71D298C328600981D6B /* FirebaseDatabase in Frameworks */,
				38DF16EA298C10780020113C /* FirebaseAnalytics in Frameworks */,
				38DF16F0298C10780020113C /* FirebaseStorage in Frameworks */,
				38DF16EC298C10780020113C /* FirebaseAuth in Frameworks */,
				38DF16EE298C10780020113C /* FirebaseFirestore in Frameworks */,
				B6F6802BFBE1896ED2669D24 /* libPods-Viso.a in Frameworks */,
			);
			runOnlyForDeploymentPostprocessing = 0;
		};
/* End PBXFrameworksBuildPhase section */

/* Begin PBXGroup section */
		3821A71B298C328600981D6B /* Frameworks */ = {
			isa = PBXGroup;
			children = (
				7063C702FE79083721FB7A12 /* libPods-Viso.a */,
			);
			name = Frameworks;
			sourceTree = "<group>";
		};
		38EFB7A52985D2980018F668 /* Views */ = {
			isa = PBXGroup;
			children = (
				38F653D62985A115004CD110 /* ContentView.swift */,
				38AEA84329AFF867003ACDB0 /* LoginView.swift */,
				38AEA84529AFF87B003ACDB0 /* RegisterView.swift */,
				38EFB7B92986080E0018F668 /* Exercises */,
				38EFB7C92986380D0018F668 /* ExercisePlots */,
				38EFB7DC298745300018F668 /* Video */,
				38EFB7B8298607FF0018F668 /* Helpers */,
			);
			path = Views;
			sourceTree = "<group>";
		};
		38EFB7AA2985D39D0018F668 /* Model */ = {
			isa = PBXGroup;
			children = (
				38AEA84729B0F4E8003ACDB0 /* LoadData.swift */,
				38AEA84B29B0F5A1003ACDB0 /* Exercise.swift */,
				38EFB7C7298633CD0018F668 /* ExerciseResult.swift */,
				3825271329A45131008F6DF7 /* CameraWebsocket.swift */,
				387026AC29C8F57900EF2A13 /* Styles.swift */,
			);
			path = Model;
			sourceTree = "<group>";
		};
		38EFB7AB2985D3FA0018F668 /* Resources */ = {
			isa = PBXGroup;
			children = (
				38EFB7C5298630D10018F668 /* exerciseResults.json */,
				38EFB7A22985CFCD0018F668 /* exercises.json */,
			);
			path = Resources;
			sourceTree = "<group>";
		};
		38EFB7B8298607FF0018F668 /* Helpers */ = {
			isa = PBXGroup;
			children = (
				38F653E22985A72E004CD110 /* CircleImage.swift */,
				38EFB7B6298607790018F668 /* FavoriteButton.swift */,
			);
			path = Helpers;
			sourceTree = "<group>";
		};
		38EFB7B92986080E0018F668 /* Exercises */ = {
			isa = PBXGroup;
			children = (
				38EFB7B02985D7BF0018F668 /* ExerciseRow.swift */,
				38EFB7B22985D9B40018F668 /* ExerciseList.swift */,
				38EFB7B42985DBA50018F668 /* ExerciseDetail.swift */,
			);
			path = Exercises;
			sourceTree = "<group>";
		};
		38EFB7C92986380D0018F668 /* ExercisePlots */ = {
			isa = PBXGroup;
			children = (
				38EFB7D2298715520018F668 /* ExercisePlotView.swift */,
				38EFB7D6298730F60018F668 /* ExerciseGraph.swift */,
				3891317E29B44953004F9232 /* ExerciseRangeOfMotionPlotView.swift */,
				38544FB329B46D2A000B8154 /* ResultsView.swift */,
			);
			path = ExercisePlots;
			sourceTree = "<group>";
		};
		38EFB7DC298745300018F668 /* Video */ = {
			isa = PBXGroup;
			children = (
				3825271529A45161008F6DF7 /* LiveCameraView.swift */,
			);
			path = Video;
			sourceTree = "<group>";
		};
		38F653C82985A115004CD110 = {
			isa = PBXGroup;
			children = (
				38F653D32985A115004CD110 /* Viso */,
				38AEA84D29B0F61D003ACDB0 /* Constants.swift */,
				381A1A8429B17F3D009BF648 /* GoogleService-Info.plist */,
				38EB34E1299EFC5C00C0E4CF /* Podfile */,
				38F653D82985A116004CD110 /* Assets.xcassets */,
				38F653D22985A115004CD110 /* Products */,
				3821A71B298C328600981D6B /* Frameworks */,
				54CF1FBB79100EBB29CE134E /* Pods */,
			);
			sourceTree = "<group>";
		};
		38F653D22985A115004CD110 /* Products */ = {
			isa = PBXGroup;
			children = (
				38F653D12985A115004CD110 /* Viso.app */,
			);
			name = Products;
			sourceTree = "<group>";
		};
		38F653D32985A115004CD110 /* Viso */ = {
			isa = PBXGroup;
			children = (
				38F653D42985A115004CD110 /* VisoApp.swift */,
				38EFB7A52985D2980018F668 /* Views */,
				38EFB7AA2985D39D0018F668 /* Model */,
				38EFB7AB2985D3FA0018F668 /* Resources */,
				38F653DA2985A116004CD110 /* Preview Content */,
			);
			path = Viso;
			sourceTree = "<group>";
		};
		38F653DA2985A116004CD110 /* Preview Content */ = {
			isa = PBXGroup;
			children = (
				38F653DB2985A116004CD110 /* Preview Assets.xcassets */,
			);
			path = "Preview Content";
			sourceTree = "<group>";
		};
		54CF1FBB79100EBB29CE134E /* Pods */ = {
			isa = PBXGroup;
			children = (
				B5A4E3FDA569B5913D9B46ED /* Pods-Viso.debug.xcconfig */,
				95D744D0643D6EA145BC244D /* Pods-Viso.release.xcconfig */,
			);
			path = Pods;
			sourceTree = "<group>";
		};
/* End PBXGroup section */

/* Begin PBXNativeTarget section */
		38F653D02985A115004CD110 /* Viso */ = {
			isa = PBXNativeTarget;
			buildConfigurationList = 38F653DF2985A116004CD110 /* Build configuration list for PBXNativeTarget "Viso" */;
			buildPhases = (
				4D0D12C9E79123BC2AA74698 /* [CP] Check Pods Manifest.lock */,
				38F653CD2985A115004CD110 /* Sources */,
				38F653CE2985A115004CD110 /* Frameworks */,
				38F653CF2985A115004CD110 /* Resources */,
			);
			buildRules = (
			);
			dependencies = (
			);
			name = Viso;
			packageProductDependencies = (
				38DF16E9298C10780020113C /* FirebaseAnalytics */,
				38DF16EB298C10780020113C /* FirebaseAuth */,
				38DF16ED298C10780020113C /* FirebaseFirestore */,
				38DF16EF298C10780020113C /* FirebaseStorage */,
				3821A71C298C328600981D6B /* FirebaseDatabase */,
			);
			productName = Viso;
			productReference = 38F653D12985A115004CD110 /* Viso.app */;
			productType = "com.apple.product-type.application";
		};
/* End PBXNativeTarget section */

/* Begin PBXProject section */
		38F653C92985A115004CD110 /* Project object */ = {
			isa = PBXProject;
			attributes = {
				BuildIndependentTargetsInParallel = 1;
				LastSwiftUpdateCheck = 1420;
				LastUpgradeCheck = 1420;
				TargetAttributes = {
					38F653D02985A115004CD110 = {
						CreatedOnToolsVersion = 14.2;
					};
				};
			};
			buildConfigurationList = 38F653CC2985A115004CD110 /* Build configuration list for PBXProject "Viso" */;
			compatibilityVersion = "Xcode 14.0";
			developmentRegion = en;
			hasScannedForEncodings = 0;
			knownRegions = (
				en,
				Base,
			);
			mainGroup = 38F653C82985A115004CD110;
			packageReferences = (
				38DF16E8298C10780020113C /* XCRemoteSwiftPackageReference "firebase-ios-sdk" */,
			);
			productRefGroup = 38F653D22985A115004CD110 /* Products */;
			projectDirPath = "";
			projectRoot = "";
			targets = (
				38F653D02985A115004CD110 /* Viso */,
			);
		};
/* End PBXProject section */

/* Begin PBXResourcesBuildPhase section */
		38F653CF2985A115004CD110 /* Resources */ = {
			isa = PBXResourcesBuildPhase;
			buildActionMask = 2147483647;
			files = (
				38EB34E2299EFC5C00C0E4CF /* Podfile in Resources */,
				38EFB7A32985CFCD0018F668 /* exercises.json in Resources */,
				38F653DC2985A116004CD110 /* Preview Assets.xcassets in Resources */,
				38EFB7C6298630D10018F668 /* exerciseResults.json in Resources */,
				38F653D92985A116004CD110 /* Assets.xcassets in Resources */,
				381A1A8529B17F3D009BF648 /* GoogleService-Info.plist in Resources */,
			);
			runOnlyForDeploymentPostprocessing = 0;
		};
/* End PBXResourcesBuildPhase section */

/* Begin PBXShellScriptBuildPhase section */
		4D0D12C9E79123BC2AA74698 /* [CP] Check Pods Manifest.lock */ = {
			isa = PBXShellScriptBuildPhase;
			buildActionMask = 2147483647;
			files = (
			);
			inputFileListPaths = (
			);
			inputPaths = (
				"${PODS_PODFILE_DIR_PATH}/Podfile.lock",
				"${PODS_ROOT}/Manifest.lock",
			);
			name = "[CP] Check Pods Manifest.lock";
			outputFileListPaths = (
			);
			outputPaths = (
				"$(DERIVED_FILE_DIR)/Pods-Viso-checkManifestLockResult.txt",
			);
			runOnlyForDeploymentPostprocessing = 0;
			shellPath = /bin/sh;
			shellScript = "diff \"${PODS_PODFILE_DIR_PATH}/Podfile.lock\" \"${PODS_ROOT}/Manifest.lock\" > /dev/null\nif [ $? != 0 ] ; then\n    # print error to STDERR\n    echo \"error: The sandbox is not in sync with the Podfile.lock. Run 'pod install' or update your CocoaPods installation.\" >&2\n    exit 1\nfi\n# This output is used by Xcode 'outputs' to avoid re-running this script phase.\necho \"SUCCESS\" > \"${SCRIPT_OUTPUT_FILE_0}\"\n";
			showEnvVarsInLog = 0;
		};
/* End PBXShellScriptBuildPhase section */

/* Begin PBXSourcesBuildPhase section */
		38F653CD2985A115004CD110 /* Sources */ = {
			isa = PBXSourcesBuildPhase;
			buildActionMask = 2147483647;
			files = (
				3891317F29B44953004F9232 /* ExerciseRangeOfMotionPlotView.swift in Sources */,
				38EFB7D7298730F60018F668 /* ExerciseGraph.swift in Sources */,
				3825271429A45131008F6DF7 /* CameraWebsocket.swift in Sources */,
				38AEA84429AFF867003ACDB0 /* LoginView.swift in Sources */,
				38EFB7B32985D9B40018F668 /* ExerciseList.swift in Sources */,
				38AEA84629AFF87B003ACDB0 /* RegisterView.swift in Sources */,
				3825271629A45161008F6DF7 /* LiveCameraView.swift in Sources */,
				38EFB7B12985D7BF0018F668 /* ExerciseRow.swift in Sources */,
				38544FB429B46D2A000B8154 /* ResultsView.swift in Sources */,
				38AEA84C29B0F5A1003ACDB0 /* Exercise.swift in Sources */,
				38EFB7C8298633CD0018F668 /* ExerciseResult.swift in Sources */,
				387026AD29C8F57900EF2A13 /* Styles.swift in Sources */,
				38EFB7B7298607790018F668 /* FavoriteButton.swift in Sources */,
				38EFB7D3298715520018F668 /* ExercisePlotView.swift in Sources */,
				38F653D72985A115004CD110 /* ContentView.swift in Sources */,
				38AEA84829B0F4E8003ACDB0 /* LoadData.swift in Sources */,
				38AEA84E29B0F61D003ACDB0 /* Constants.swift in Sources */,
				38EFB7B52985DBA50018F668 /* ExerciseDetail.swift in Sources */,
				38F653D52985A115004CD110 /* VisoApp.swift in Sources */,
				38F653E32985A72E004CD110 /* CircleImage.swift in Sources */,
			);
			runOnlyForDeploymentPostprocessing = 0;
		};
/* End PBXSourcesBuildPhase section */

/* Begin XCBuildConfiguration section */
		38F653DD2985A116004CD110 /* Debug */ = {
			isa = XCBuildConfiguration;
			buildSettings = {
				ALWAYS_SEARCH_USER_PATHS = NO;
				CLANG_ANALYZER_NONNULL = YES;
				CLANG_ANALYZER_NUMBER_OBJECT_CONVERSION = YES_AGGRESSIVE;
				CLANG_CXX_LANGUAGE_STANDARD = "gnu++20";
				CLANG_ENABLE_MODULES = YES;
				CLANG_ENABLE_OBJC_ARC = YES;
				CLANG_ENABLE_OBJC_WEAK = YES;
				CLANG_WARN_BLOCK_CAPTURE_AUTORELEASING = YES;
				CLANG_WARN_BOOL_CONVERSION = YES;
				CLANG_WARN_COMMA = YES;
				CLANG_WARN_CONSTANT_CONVERSION = YES;
				CLANG_WARN_DEPRECATED_OBJC_IMPLEMENTATIONS = YES;
				CLANG_WARN_DIRECT_OBJC_ISA_USAGE = YES_ERROR;
				CLANG_WARN_DOCUMENTATION_COMMENTS = YES;
				CLANG_WARN_EMPTY_BODY = YES;
				CLANG_WARN_ENUM_CONVERSION = YES;
				CLANG_WARN_INFINITE_RECURSION = YES;
				CLANG_WARN_INT_CONVERSION = YES;
				CLANG_WARN_NON_LITERAL_NULL_CONVERSION = YES;
				CLANG_WARN_OBJC_IMPLICIT_RETAIN_SELF = YES;
				CLANG_WARN_OBJC_LITERAL_CONVERSION = YES;
				CLANG_WARN_OBJC_ROOT_CLASS = YES_ERROR;
				CLANG_WARN_QUOTED_INCLUDE_IN_FRAMEWORK_HEADER = YES;
				CLANG_WARN_RANGE_LOOP_ANALYSIS = YES;
				CLANG_WARN_STRICT_PROTOTYPES = YES;
				CLANG_WARN_SUSPICIOUS_MOVE = YES;
				CLANG_WARN_UNGUARDED_AVAILABILITY = YES_AGGRESSIVE;
				CLANG_WARN_UNREACHABLE_CODE = YES;
				CLANG_WARN__DUPLICATE_METHOD_MATCH = YES;
				COPY_PHASE_STRIP = NO;
				DEBUG_INFORMATION_FORMAT = dwarf;
				ENABLE_STRICT_OBJC_MSGSEND = YES;
				ENABLE_TESTABILITY = YES;
				GCC_C_LANGUAGE_STANDARD = gnu11;
				GCC_DYNAMIC_NO_PIC = NO;
				GCC_NO_COMMON_BLOCKS = YES;
				GCC_OPTIMIZATION_LEVEL = 0;
				GCC_PREPROCESSOR_DEFINITIONS = (
					"DEBUG=1",
					"$(inherited)",
				);
				GCC_WARN_64_TO_32_BIT_CONVERSION = YES;
				GCC_WARN_ABOUT_RETURN_TYPE = YES_ERROR;
				GCC_WARN_UNDECLARED_SELECTOR = YES;
				GCC_WARN_UNINITIALIZED_AUTOS = YES_AGGRESSIVE;
				GCC_WARN_UNUSED_FUNCTION = YES;
				GCC_WARN_UNUSED_VARIABLE = YES;
				IPHONEOS_DEPLOYMENT_TARGET = 16.2;
				MTL_ENABLE_DEBUG_INFO = INCLUDE_SOURCE;
				MTL_FAST_MATH = YES;
				ONLY_ACTIVE_ARCH = YES;
				SDKROOT = iphoneos;
				SWIFT_ACTIVE_COMPILATION_CONDITIONS = DEBUG;
				SWIFT_OPTIMIZATION_LEVEL = "-Onone";
			};
			name = Debug;
		};
		38F653DE2985A116004CD110 /* Release */ = {
			isa = XCBuildConfiguration;
			buildSettings = {
				ALWAYS_SEARCH_USER_PATHS = NO;
				CLANG_ANALYZER_NONNULL = YES;
				CLANG_ANALYZER_NUMBER_OBJECT_CONVERSION = YES_AGGRESSIVE;
				CLANG_CXX_LANGUAGE_STANDARD = "gnu++20";
				CLANG_ENABLE_MODULES = YES;
				CLANG_ENABLE_OBJC_ARC = YES;
				CLANG_ENABLE_OBJC_WEAK = YES;
				CLANG_WARN_BLOCK_CAPTURE_AUTORELEASING = YES;
				CLANG_WARN_BOOL_CONVERSION = YES;
				CLANG_WARN_COMMA = YES;
				CLANG_WARN_CONSTANT_CONVERSION = YES;
				CLANG_WARN_DEPRECATED_OBJC_IMPLEMENTATIONS = YES;
				CLANG_WARN_DIRECT_OBJC_ISA_USAGE = YES_ERROR;
				CLANG_WARN_DOCUMENTATION_COMMENTS = YES;
				CLANG_WARN_EMPTY_BODY = YES;
				CLANG_WARN_ENUM_CONVERSION = YES;
				CLANG_WARN_INFINITE_RECURSION = YES;
				CLANG_WARN_INT_CONVERSION = YES;
				CLANG_WARN_NON_LITERAL_NULL_CONVERSION = YES;
				CLANG_WARN_OBJC_IMPLICIT_RETAIN_SELF = YES;
				CLANG_WARN_OBJC_LITERAL_CONVERSION = YES;
				CLANG_WARN_OBJC_ROOT_CLASS = YES_ERROR;
				CLANG_WARN_QUOTED_INCLUDE_IN_FRAMEWORK_HEADER = YES;
				CLANG_WARN_RANGE_LOOP_ANALYSIS = YES;
				CLANG_WARN_STRICT_PROTOTYPES = YES;
				CLANG_WARN_SUSPICIOUS_MOVE = YES;
				CLANG_WARN_UNGUARDED_AVAILABILITY = YES_AGGRESSIVE;
				CLANG_WARN_UNREACHABLE_CODE = YES;
				CLANG_WARN__DUPLICATE_METHOD_MATCH = YES;
				COPY_PHASE_STRIP = NO;
				DEBUG_INFORMATION_FORMAT = "dwarf-with-dsym";
				ENABLE_NS_ASSERTIONS = NO;
				ENABLE_STRICT_OBJC_MSGSEND = YES;
				GCC_C_LANGUAGE_STANDARD = gnu11;
				GCC_NO_COMMON_BLOCKS = YES;
				GCC_WARN_64_TO_32_BIT_CONVERSION = YES;
				GCC_WARN_ABOUT_RETURN_TYPE = YES_ERROR;
				GCC_WARN_UNDECLARED_SELECTOR = YES;
				GCC_WARN_UNINITIALIZED_AUTOS = YES_AGGRESSIVE;
				GCC_WARN_UNUSED_FUNCTION = YES;
				GCC_WARN_UNUSED_VARIABLE = YES;
				IPHONEOS_DEPLOYMENT_TARGET = 16.2;
				MTL_ENABLE_DEBUG_INFO = NO;
				MTL_FAST_MATH = YES;
				SDKROOT = iphoneos;
				SWIFT_COMPILATION_MODE = wholemodule;
				SWIFT_OPTIMIZATION_LEVEL = "-O";
				VALIDATE_PRODUCT = YES;
			};
			name = Release;
		};
		38F653E02985A116004CD110 /* Debug */ = {
			isa = XCBuildConfiguration;
			baseConfigurationReference = B5A4E3FDA569B5913D9B46ED /* Pods-Viso.debug.xcconfig */;
			buildSettings = {
				ASSETCATALOG_COMPILER_APPICON_NAME = AppIcon;
				ASSETCATALOG_COMPILER_GLOBAL_ACCENT_COLOR_NAME = AccentColor;
				CODE_SIGN_IDENTITY = "Apple Development";
				CODE_SIGN_STYLE = Automatic;
				CURRENT_PROJECT_VERSION = 1;
				DEVELOPMENT_ASSET_PATHS = "\"Viso/Preview Content\"";
				DEVELOPMENT_TEAM = TM8YKMSWB6;
				ENABLE_PREVIEWS = YES;
				GENERATE_INFOPLIST_FILE = YES;
				INFOPLIST_FILE = Viso/Info.plist;
				INFOPLIST_KEY_UIApplicationSupportsIndirectInputEvents = YES;
				INFOPLIST_KEY_UILaunchScreen_Generation = YES;
				INFOPLIST_KEY_UIRequiresFullScreen = YES;
				INFOPLIST_KEY_UIStatusBarStyle = UIStatusBarStyleLightContent;
				INFOPLIST_KEY_UISupportedInterfaceOrientations_iPad = "UIInterfaceOrientationPortrait UIInterfaceOrientationPortraitUpsideDown UIInterfaceOrientationLandscapeLeft UIInterfaceOrientationLandscapeRight";
				INFOPLIST_KEY_UISupportedInterfaceOrientations_iPhone = "UIInterfaceOrientationPortrait UIInterfaceOrientationLandscapeLeft UIInterfaceOrientationLandscapeRight";
				LD_RUNPATH_SEARCH_PATHS = (
					"$(inherited)",
					"@executable_path/Frameworks",
				);
				MARKETING_VERSION = 1.0;
				PRODUCT_BUNDLE_IDENTIFIER = fydp.com.Visio0;
				PRODUCT_NAME = "$(TARGET_NAME)";
				PROVISIONING_PROFILE_SPECIFIER = "";
				SWIFT_EMIT_LOC_STRINGS = YES;
				SWIFT_VERSION = 5.0;
				TARGETED_DEVICE_FAMILY = "1,2";
			};
			name = Debug;
		};
		38F653E12985A116004CD110 /* Release */ = {
			isa = XCBuildConfiguration;
			baseConfigurationReference = 95D744D0643D6EA145BC244D /* Pods-Viso.release.xcconfig */;
			buildSettings = {
				ASSETCATALOG_COMPILER_APPICON_NAME = AppIcon;
				ASSETCATALOG_COMPILER_GLOBAL_ACCENT_COLOR_NAME = AccentColor;
				CODE_SIGN_IDENTITY = "Apple Development";
				CODE_SIGN_STYLE = Automatic;
				CURRENT_PROJECT_VERSION = 1;
				DEVELOPMENT_ASSET_PATHS = "\"Viso/Preview Content\"";
				DEVELOPMENT_TEAM = TM8YKMSWB6;
				ENABLE_PREVIEWS = YES;
				GENERATE_INFOPLIST_FILE = YES;
				INFOPLIST_FILE = Viso/Info.plist;
				INFOPLIST_KEY_UIApplicationSupportsIndirectInputEvents = YES;
				INFOPLIST_KEY_UILaunchScreen_Generation = YES;
				INFOPLIST_KEY_UIRequiresFullScreen = YES;
				INFOPLIST_KEY_UIStatusBarStyle = UIStatusBarStyleLightContent;
				INFOPLIST_KEY_UISupportedInterfaceOrientations_iPad = "UIInterfaceOrientationPortrait UIInterfaceOrientationPortraitUpsideDown UIInterfaceOrientationLandscapeLeft UIInterfaceOrientationLandscapeRight";
				INFOPLIST_KEY_UISupportedInterfaceOrientations_iPhone = "UIInterfaceOrientationPortrait UIInterfaceOrientationLandscapeLeft UIInterfaceOrientationLandscapeRight";
				LD_RUNPATH_SEARCH_PATHS = (
					"$(inherited)",
					"@executable_path/Frameworks",
				);
				MARKETING_VERSION = 1.0;
				PRODUCT_BUNDLE_IDENTIFIER = fydp.com.Visio0;
				PRODUCT_NAME = "$(TARGET_NAME)";
				PROVISIONING_PROFILE_SPECIFIER = "";
				SWIFT_EMIT_LOC_STRINGS = YES;
				SWIFT_VERSION = 5.0;
				TARGETED_DEVICE_FAMILY = "1,2";
			};
			name = Release;
		};
/* End XCBuildConfiguration section */

/* Begin XCConfigurationList section */
		38F653CC2985A115004CD110 /* Build configuration list for PBXProject "Viso" */ = {
			isa = XCConfigurationList;
			buildConfigurations = (
				38F653DD2985A116004CD110 /* Debug */,
				38F653DE2985A116004CD110 /* Release */,
			);
			defaultConfigurationIsVisible = 0;
			defaultConfigurationName = Release;
		};
		38F653DF2985A116004CD110 /* Build configuration list for PBXNativeTarget "Viso" */ = {
			isa = XCConfigurationList;
			buildConfigurations = (
				38F653E02985A116004CD110 /* Debug */,
				38F653E12985A116004CD110 /* Release */,
			);
			defaultConfigurationIsVisible = 0;
			defaultConfigurationName = Release;
		};
/* End XCConfigurationList section */

/* Begin XCRemoteSwiftPackageReference section */
		38DF16E8298C10780020113C /* XCRemoteSwiftPackageReference "firebase-ios-sdk" */ = {
			isa = XCRemoteSwiftPackageReference;
			repositoryURL = "https://github.com/firebase/firebase-ios-sdk";
			requirement = {
				kind = upToNextMajorVersion;
				minimumVersion = 9.0.0;
			};
		};
/* End XCRemoteSwiftPackageReference section */

/* Begin XCSwiftPackageProductDependency section */
		3821A71C298C328600981D6B /* FirebaseDatabase */ = {
			isa = XCSwiftPackageProductDependency;
			package = 38DF16E8298C10780020113C /* XCRemoteSwiftPackageReference "firebase-ios-sdk" */;
			productName = FirebaseDatabase;
		};
		38DF16E9298C10780020113C /* FirebaseAnalytics */ = {
			isa = XCSwiftPackageProductDependency;
			package = 38DF16E8298C10780020113C /* XCRemoteSwiftPackageReference "firebase-ios-sdk" */;
			productName = FirebaseAnalytics;
		};
		38DF16EB298C10780020113C /* FirebaseAuth */ = {
			isa = XCSwiftPackageProductDependency;
			package = 38DF16E8298C10780020113C /* XCRemoteSwiftPackageReference "firebase-ios-sdk" */;
			productName = FirebaseAuth;
		};
		38DF16ED298C10780020113C /* FirebaseFirestore */ = {
			isa = XCSwiftPackageProductDependency;
			package = 38DF16E8298C10780020113C /* XCRemoteSwiftPackageReference "firebase-ios-sdk" */;
			productName = FirebaseFirestore;
		};
		38DF16EF298C10780020113C /* FirebaseStorage */ = {
			isa = XCSwiftPackageProductDependency;
			package = 38DF16E8298C10780020113C /* XCRemoteSwiftPackageReference "firebase-ios-sdk" */;
			productName = FirebaseStorage;
		};
/* End XCSwiftPackageProductDependency section */
	};
	rootObject = 38F653C92985A115004CD110 /* Project object */;
}
